
Microsoft Visual Studio Solution File, Format Version 12.00
# Visual Studio Version 16
VisualStudioVersion = 16.0.31729.503
MinimumVisualStudioVersion = 10.0.40219.1
Project("{FAE04EC0-301F-11D3-BF4B-00C04F79EFBC}") = "RGBController", "RGBController\RGBController.csproj", "{47409AA5-62AE-4189-8E83-C471502DF5E9}"
EndProject
Global
	GlobalSection(SolutionConfigurationPlatforms) = preSolution
		Debug|x64 = Debug|x64
		Release|x64 = Release|x64
	EndGlobalSection
	GlobalSection(ProjectConfigurationPlatforms) = postSolution
		{47409AA5-62AE-4189-8E83-C471502DF5E9}.Debug|x64.ActiveCfg = Debug|x64
		{47409AA5-62AE-4189-8E83-C471502DF5E9}.Debug|x64.Build.0 = Debug|x64
		{47409AA5-62AE-4189-8E83-C471502DF5E9}.Release|x64.ActiveCfg = Release|x64
		{47409AA5-62AE-4189-8E83-C471502DF5E9}.Release|x64.Build.0 = Release|x64
	EndGlobalSection
	GlobalSection(SolutionProperties) = preSolution
		HideSolutionNode = FALSE
	EndGlobalSection
	GlobalSection(ExtensibilityGlobals) = postSolution
		SolutionGuid = {18DE248F-976C-448F-97ED-314F4F1BC24C}
	EndGlobalSection
EndGlobal
